
Microsoft Visual Studio Solution File, Format Version 12.00
# Visual Studio Version 17
VisualStudioVersion = 17.3.32929.385
MinimumVisualStudioVersion = 10.0.40219.1
Project("{FAE04EC0-301F-11D3-BF4B-00C04F79EFBC}") = "lab6.1.1(graph)", "lab6.1.1(graph)\lab6.1.1(graph).csproj", "{02C3A400-4151-4274-9B22-C772F1AF66C9}"
EndProject
Global
	GlobalSection(SolutionConfigurationPlatforms) = preSolution
		Debug|Any CPU = Debug|Any CPU
		Release|Any CPU = Release|Any CPU
	EndGlobalSection
	GlobalSection(ProjectConfigurationPlatforms) = postSolution
		{02C3A400-4151-4274-9B22-C772F1AF66C9}.Debug|Any CPU.ActiveCfg = Debug|Any CPU
		{02C3A400-4151-4274-9B22-C772F1AF66C9}.Debug|Any CPU.Build.0 = Debug|Any CPU
		{02C3A400-4151-4274-9B22-C772F1AF66C9}.Release|Any CPU.ActiveCfg = Release|Any CPU
		{02C3A400-4151-4274-9B22-C772F1AF66C9}.Release|Any CPU.Build.0 = Release|Any CPU
	EndGlobalSection
	GlobalSection(SolutionProperties) = preSolution
		HideSolutionNode = FALSE
	EndGlobalSection
	GlobalSection(ExtensibilityGlobals) = postSolution
		SolutionGuid = {F9850C44-3E61-460E-9DE7-1A2864289B71}
	EndGlobalSection
EndGlobal
